
Microsoft Visual Studio Solution File, Format Version 12.00
# Visual Studio Version 16
VisualStudioVersion = 16.0.29709.97
MinimumVisualStudioVersion = 10.0.40219.1
Project("{FAE04EC0-301F-11D3-BF4B-00C04F79EFBC}") = "insuranceMonitoringSystem", "insuranceMonitoringSystem\insuranceMonitoringSystem.csproj", "{835455F8-599A-448C-BB4F-C1359D929BE4}"
EndProject
Global
	GlobalSection(SolutionConfigurationPlatforms) = preSolution
		Debug|Any CPU = Debug|Any CPU
		Release|Any CPU = Release|Any CPU
	EndGlobalSection
	GlobalSection(ProjectConfigurationPlatforms) = postSolution
		{835455F8-599A-448C-BB4F-C1359D929BE4}.Debug|Any CPU.ActiveCfg = Debug|Any CPU
		{835455F8-599A-448C-BB4F-C1359D929BE4}.Debug|Any CPU.Build.0 = Debug|Any CPU
		{835455F8-599A-448C-BB4F-C1359D929BE4}.Release|Any CPU.ActiveCfg = Release|Any CPU
		{835455F8-599A-448C-BB4F-C1359D929BE4}.Release|Any CPU.Build.0 = Release|Any CPU
	EndGlobalSection
	GlobalSection(SolutionProperties) = preSolution
		HideSolutionNode = FALSE
	EndGlobalSection
	GlobalSection(ExtensibilityGlobals) = postSolution
		SolutionGuid = {C9914CEF-6186-4E23-A2EC-82547E189EE2}
	EndGlobalSection
EndGlobal
